
Microsoft Visual Studio Solution File, Format Version 12.00
# Visual Studio Version 17
VisualStudioVersion = 17.6.33815.320
MinimumVisualStudioVersion = 10.0.40219.1
Project("{FAE04EC0-301F-11D3-BF4B-00C04F79EFBC}") = "MusicPlayerApplication", "MusicPlayerApplication.csproj", "{FC68631C-BC77-46A2-823E-46F8BAAC262D}"
EndProject
Global
	GlobalSection(SolutionConfigurationPlatforms) = preSolution
		Debug|Any CPU = Debug|Any CPU
		Release|Any CPU = Release|Any CPU
	EndGlobalSection
	GlobalSection(ProjectConfigurationPlatforms) = postSolution
		{FC68631C-BC77-46A2-823E-46F8BAAC262D}.Debug|Any CPU.ActiveCfg = Debug|Any CPU
		{FC68631C-BC77-46A2-823E-46F8BAAC262D}.Debug|Any CPU.Build.0 = Debug|Any CPU
		{FC68631C-BC77-46A2-823E-46F8BAAC262D}.Release|Any CPU.ActiveCfg = Release|Any CPU
		{FC68631C-BC77-46A2-823E-46F8BAAC262D}.Release|Any CPU.Build.0 = Release|Any CPU
	EndGlobalSection
	GlobalSection(SolutionProperties) = preSolution
		HideSolutionNode = FALSE
	EndGlobalSection
	GlobalSection(ExtensibilityGlobals) = postSolution
		SolutionGuid = {A5EC85DC-368D-482A-B30C-A46DD8D0B145}
	EndGlobalSection
EndGlobal
